
Microsoft Visual Studio Solution File, Format Version 12.00
# Visual Studio 14
VisualStudioVersion = 14.0.25420.1
MinimumVisualStudioVersion = 10.0.40219.1
Project("{2150E333-8FDC-42A3-9474-1A3956D46DE8}") = "Components", "Components", "{362DE052-0617-4DB4-AECD-1AA8DD42A90D}"
EndProject
Project("{FAE04EC0-301F-11D3-BF4B-00C04F79EFBC}") = "Nzl.Utils", "Components\Nzl.Util\Nzl.Utils.csproj", "{B9DE9CFF-D84E-4BF9-A615-CF7F4519F139}"
EndProject
Project("{FAE04EC0-301F-11D3-BF4B-00C04F79EFBC}") = "Nzl.Hook", "Components\Nzl.Hook\Nzl.Hook.csproj", "{6ECA3D2E-3F31-4EB2-AB38-CD4E1D4ABEE9}"
EndProject
Project("{FAE04EC0-301F-11D3-BF4B-00C04F79EFBC}") = "Nzl.Log4Net", "Components\Nzl.Log4Net\Nzl.Log4Net.csproj", "{181FE707-E161-4722-9F38-6AAAB6FAA106}"
EndProject
Project("{2150E333-8FDC-42A3-9474-1A3956D46DE8}") = "Web", "Web", "{0AAC568F-AC91-4527-AFA8-881D0800EF59}"
EndProject
Project("{FAE04EC0-301F-11D3-BF4B-00C04F79EFBC}") = "Nzl.Web.Page", "Web\Nzl.Web.Page\Nzl.Web.Page.csproj", "{58BC70F0-3FF6-4095-87AC-08A4B7C00F58}"
EndProject
Project("{FAE04EC0-301F-11D3-BF4B-00C04F79EFBC}") = "Nzl.Web.Util", "Web\Nzl.Web.Util\Nzl.Web.Util.csproj", "{6CBA8F35-E6F4-4A6D-876F-38EA9DE4649A}"
EndProject
Project("{FAE04EC0-301F-11D3-BF4B-00C04F79EFBC}") = "Nzl.Configuration", "Components\Nzl.Configuration\Nzl.Configuration.csproj", "{0E6C87C5-1FFE-4A61-A7DA-6D5D4F8CE98F}"
EndProject
Project("{FAE04EC0-301F-11D3-BF4B-00C04F79EFBC}") = "Nzl.Dispatcher", "Components\Nzl.Dispatcher\Nzl.Dispatcher.csproj", "{665400E9-DC26-40F4-BD09-0E7151C3CA18}"
EndProject
Project("{2150E333-8FDC-42A3-9474-1A3956D46DE8}") = "Smth", "Smth", "{21988C76-462B-47A7-80C6-4FFCA16BEA0E}"
EndProject
Project("{FAE04EC0-301F-11D3-BF4B-00C04F79EFBC}") = "Nzl.Smth.Main", "Smth\Nzl.Smth.Main\Nzl.Smth.Main.csproj", "{FF135DEC-4DE1-41F8-84CD-139B02A500DB}"
EndProject
Project("{FAE04EC0-301F-11D3-BF4B-00C04F79EFBC}") = "Nzl.Smth.Controls.Elements", "Smth\Nzl.Smth.Controls.Elements\Nzl.Smth.Controls.Elements.csproj", "{3D39E4A3-0ED7-4175-A2BA-68A00919A998}"
EndProject
Project("{FAE04EC0-301F-11D3-BF4B-00C04F79EFBC}") = "Nzl.Smth.Forms", "Smth\Nzl.Smth.Forms\Nzl.Smth.Forms.csproj", "{25147225-1AEF-41DB-B5F3-A3EF07B7A862}"
EndProject
Project("{FAE04EC0-301F-11D3-BF4B-00C04F79EFBC}") = "Nzl.Smth", "Smth\Nzl.Smth.Common\Nzl.Smth.csproj", "{E22371CB-BCAE-41E5-82B3-2B696C7E05D1}"
EndProject
Project("{FAE04EC0-301F-11D3-BF4B-00C04F79EFBC}") = "Nzl.Smth.Controls.Containers", "Smth\Nzl.Smth.Controls.Containers\Nzl.Smth.Controls.Containers.csproj", "{3466C961-ACDB-4F03-BB1D-10FAD9FB88F1}"
EndProject
Project("{FAE04EC0-301F-11D3-BF4B-00C04F79EFBC}") = "Nzl.Smth.Datas", "Smth\Nzl.Smth.Datas\Nzl.Smth.Datas.csproj", "{BBC9010B-CB89-4F7E-B418-5B653E5EB005}"
EndProject
Project("{FAE04EC0-301F-11D3-BF4B-00C04F79EFBC}") = "Nzl.Smth.Interfaces", "Smth\Nzl.Smth.Interfaces\Nzl.Smth.Interfaces.csproj", "{E081906C-FD02-428E-AF2B-DD73E1C44467}"
EndProject
Project("{FAE04EC0-301F-11D3-BF4B-00C04F79EFBC}") = "Nzl.Smth.Utils", "Smth\Nzl.Smth.Utils\Nzl.Smth.Utils.csproj", "{ED81BEF2-92F1-474D-80E9-635644D7D0A3}"
EndProject
Project("{FAE04EC0-301F-11D3-BF4B-00C04F79EFBC}") = "Nzl.Controls", "Components\Nzl.Controls\Nzl.Controls.csproj", "{ADF447E1-D907-4237-AF2A-225E7588E1A1}"
EndProject
Project("{FAE04EC0-301F-11D3-BF4B-00C04F79EFBC}") = "Nzl.Smth.Logger", "Smth\Nzl.Smth.Logger\Nzl.Smth.Logger.csproj", "{55E4F995-1273-44E1-AEA1-52FED6442660}"
EndProject
Project("{FAE04EC0-301F-11D3-BF4B-00C04F79EFBC}") = "Nzl.Recycling", "Components\Nzl.Recycling\Nzl.Recycling.csproj", "{DC293647-8798-4539-BEA1-77185E5C66C1}"
EndProject
Project("{FAE04EC0-301F-11D3-BF4B-00C04F79EFBC}") = "Nzl.Repository", "Components\Nzl.Repository\Nzl.Repository.csproj", "{34E73DFF-0B1D-4820-9DF9-F9EFE29E23AC}"
EndProject
Project("{FAE04EC0-301F-11D3-BF4B-00C04F79EFBC}") = "Nzl.Smth.Configs", "Smth\Nzl.Smth.Configurations\Nzl.Smth.Configs.csproj", "{7A3921A8-A2E3-4FFB-84C8-9BB605772EBD}"
EndProject
Project("{FAE04EC0-301F-11D3-BF4B-00C04F79EFBC}") = "Nzl.Messaging", "Components\Nzl.Messaging\Nzl.Messaging.csproj", "{A91BD567-B912-4F7A-A9B7-84D914923D53}"
EndProject
Project("{FAE04EC0-301F-11D3-BF4B-00C04F79EFBC}") = "Nzl.Smth.Controls.Complexes", "Smth\Nzl.Smth.Controls.Complexes\Nzl.Smth.Controls.Complexes.csproj", "{0386C5F4-D40E-4FB3-BCFF-CAE90693E049}"
EndProject
Project("{FAE04EC0-301F-11D3-BF4B-00C04F79EFBC}") = "Nzl.Smth.Controls.Base", "Smth\Nzl.Smth.Controls.Base\Nzl.Smth.Controls.Base.csproj", "{08B0D4DE-D38A-466D-8AFC-E436BB30E4A6}"
EndProject
Project("{FAE04EC0-301F-11D3-BF4B-00C04F79EFBC}") = "Nzl.Smth.Loaders", "Smth\Nzl.Smth.Loaders\Nzl.Smth.Loaders.csproj", "{091BCA06-33FB-4785-8169-81CC64DEAB80}"
EndProject
Global
	GlobalSection(SolutionConfigurationPlatforms) = preSolution
		Debug|Any CPU = Debug|Any CPU
		Debug|Mixed Platforms = Debug|Mixed Platforms
		Debug|x86 = Debug|x86
		Release|Any CPU = Release|Any CPU
		Release|Mixed Platforms = Release|Mixed Platforms
		Release|x86 = Release|x86
	EndGlobalSection
	GlobalSection(ProjectConfigurationPlatforms) = postSolution
		{B9DE9CFF-D84E-4BF9-A615-CF7F4519F139}.Debug|Any CPU.ActiveCfg = Debug|Any CPU
		{B9DE9CFF-D84E-4BF9-A615-CF7F4519F139}.Debug|Any CPU.Build.0 = Debug|Any CPU
		{B9DE9CFF-D84E-4BF9-A615-CF7F4519F139}.Debug|Mixed Platforms.ActiveCfg = Debug|Any CPU
		{B9DE9CFF-D84E-4BF9-A615-CF7F4519F139}.Debug|Mixed Platforms.Build.0 = Debug|Any CPU
		{B9DE9CFF-D84E-4BF9-A615-CF7F4519F139}.Debug|x86.ActiveCfg = Debug|Any CPU
		{B9DE9CFF-D84E-4BF9-A615-CF7F4519F139}.Release|Any CPU.ActiveCfg = Release|Any CPU
		{B9DE9CFF-D84E-4BF9-A615-CF7F4519F139}.Release|Any CPU.Build.0 = Release|Any CPU
		{B9DE9CFF-D84E-4BF9-A615-CF7F4519F139}.Release|Mixed Platforms.ActiveCfg = Release|Any CPU
		{B9DE9CFF-D84E-4BF9-A615-CF7F4519F139}.Release|Mixed Platforms.Build.0 = Release|Any CPU
		{B9DE9CFF-D84E-4BF9-A615-CF7F4519F139}.Release|x86.ActiveCfg = Release|Any CPU
		{6ECA3D2E-3F31-4EB2-AB38-CD4E1D4ABEE9}.Debug|Any CPU.ActiveCfg = Debug|Any CPU
		{6ECA3D2E-3F31-4EB2-AB38-CD4E1D4ABEE9}.Debug|Any CPU.Build.0 = Debug|Any CPU
		{6ECA3D2E-3F31-4EB2-AB38-CD4E1D4ABEE9}.Debug|Mixed Platforms.ActiveCfg = Debug|Any CPU
		{6ECA3D2E-3F31-4EB2-AB38-CD4E1D4ABEE9}.Debug|Mixed Platforms.Build.0 = Debug|Any CPU
		{6ECA3D2E-3F31-4EB2-AB38-CD4E1D4ABEE9}.Debug|x86.ActiveCfg = Debug|Any CPU
		{6ECA3D2E-3F31-4EB2-AB38-CD4E1D4ABEE9}.Release|Any CPU.ActiveCfg = Release|Any CPU
		{6ECA3D2E-3F31-4EB2-AB38-CD4E1D4ABEE9}.Release|Any CPU.Build.0 = Release|Any CPU
		{6ECA3D2E-3F31-4EB2-AB38-CD4E1D4ABEE9}.Release|Mixed Platforms.ActiveCfg = Release|Any CPU
		{6ECA3D2E-3F31-4EB2-AB38-CD4E1D4ABEE9}.Release|Mixed Platforms.Build.0 = Release|Any CPU
		{6ECA3D2E-3F31-4EB2-AB38-CD4E1D4ABEE9}.Release|x86.ActiveCfg = Release|Any CPU
		{181FE707-E161-4722-9F38-6AAAB6FAA106}.Debug|Any CPU.ActiveCfg = Debug|Any CPU
		{181FE707-E161-4722-9F38-6AAAB6FAA106}.Debug|Any CPU.Build.0 = Debug|Any CPU
		{181FE707-E161-4722-9F38-6AAAB6FAA106}.Debug|Mixed Platforms.ActiveCfg = Debug|Any CPU
		{181FE707-E161-4722-9F38-6AAAB6FAA106}.Debug|Mixed Platforms.Build.0 = Debug|Any CPU
		{181FE707-E161-4722-9F38-6AAAB6FAA106}.Debug|x86.ActiveCfg = Debug|Any CPU
		{181FE707-E161-4722-9F38-6AAAB6FAA106}.Release|Any CPU.ActiveCfg = Release|Any CPU
		{181FE707-E161-4722-9F38-6AAAB6FAA106}.Release|Any CPU.Build.0 = Release|Any CPU
		{181FE707-E161-4722-9F38-6AAAB6FAA106}.Release|Mixed Platforms.ActiveCfg = Release|Any CPU
		{181FE707-E161-4722-9F38-6AAAB6FAA106}.Release|Mixed Platforms.Build.0 = Release|Any CPU
		{181FE707-E161-4722-9F38-6AAAB6FAA106}.Release|x86.ActiveCfg = Release|Any CPU
		{58BC70F0-3FF6-4095-87AC-08A4B7C00F58}.Debug|Any CPU.ActiveCfg = Debug|Any CPU
		{58BC70F0-3FF6-4095-87AC-08A4B7C00F58}.Debug|Any CPU.Build.0 = Debug|Any CPU
		{58BC70F0-3FF6-4095-87AC-08A4B7C00F58}.Debug|Mixed Platforms.ActiveCfg = Debug|Any CPU
		{58BC70F0-3FF6-4095-87AC-08A4B7C00F58}.Debug|Mixed Platforms.Build.0 = Debug|Any CPU
		{58BC70F0-3FF6-4095-87AC-08A4B7C00F58}.Debug|x86.ActiveCfg = Debug|Any CPU
		{58BC70F0-3FF6-4095-87AC-08A4B7C00F58}.Release|Any CPU.ActiveCfg = Release|Any CPU
		{58BC70F0-3FF6-4095-87AC-08A4B7C00F58}.Release|Any CPU.Build.0 = Release|Any CPU
		{58BC70F0-3FF6-4095-87AC-08A4B7C00F58}.Release|Mixed Platforms.ActiveCfg = Release|Any CPU
		{58BC70F0-3FF6-4095-87AC-08A4B7C00F58}.Release|Mixed Platforms.Build.0 = Release|Any CPU
		{58BC70F0-3FF6-4095-87AC-08A4B7C00F58}.Release|x86.ActiveCfg = Release|Any CPU
		{6CBA8F35-E6F4-4A6D-876F-38EA9DE4649A}.Debug|Any CPU.ActiveCfg = Debug|Any CPU
		{6CBA8F35-E6F4-4A6D-876F-38EA9DE4649A}.Debug|Any CPU.Build.0 = Debug|Any CPU
		{6CBA8F35-E6F4-4A6D-876F-38EA9DE4649A}.Debug|Mixed Platforms.ActiveCfg = Debug|Any CPU
		{6CBA8F35-E6F4-4A6D-876F-38EA9DE4649A}.Debug|Mixed Platforms.Build.0 = Debug|Any CPU
		{6CBA8F35-E6F4-4A6D-876F-38EA9DE4649A}.Debug|x86.ActiveCfg = Debug|Any CPU
		{6CBA8F35-E6F4-4A6D-876F-38EA9DE4649A}.Release|Any CPU.ActiveCfg = Release|Any CPU
		{6CBA8F35-E6F4-4A6D-876F-38EA9DE4649A}.Release|Any CPU.Build.0 = Release|Any CPU
		{6CBA8F35-E6F4-4A6D-876F-38EA9DE4649A}.Release|Mixed Platforms.ActiveCfg = Release|Any CPU
		{6CBA8F35-E6F4-4A6D-876F-38EA9DE4649A}.Release|Mixed Platforms.Build.0 = Release|Any CPU
		{6CBA8F35-E6F4-4A6D-876F-38EA9DE4649A}.Release|x86.ActiveCfg = Release|Any CPU
		{0E6C87C5-1FFE-4A61-A7DA-6D5D4F8CE98F}.Debug|Any CPU.ActiveCfg = Debug|Any CPU
		{0E6C87C5-1FFE-4A61-A7DA-6D5D4F8CE98F}.Debug|Any CPU.Build.0 = Debug|Any CPU
		{0E6C87C5-1FFE-4A61-A7DA-6D5D4F8CE98F}.Debug|Mixed Platforms.ActiveCfg = Debug|Any CPU
		{0E6C87C5-1FFE-4A61-A7DA-6D5D4F8CE98F}.Debug|Mixed Platforms.Build.0 = Debug|Any CPU
		{0E6C87C5-1FFE-4A61-A7DA-6D5D4F8CE98F}.Debug|x86.ActiveCfg = Debug|Any CPU
		{0E6C87C5-1FFE-4A61-A7DA-6D5D4F8CE98F}.Release|Any CPU.ActiveCfg = Release|Any CPU
		{0E6C87C5-1FFE-4A61-A7DA-6D5D4F8CE98F}.Release|Any CPU.Build.0 = Release|Any CPU
		{0E6C87C5-1FFE-4A61-A7DA-6D5D4F8CE98F}.Release|Mixed Platforms.ActiveCfg = Release|Any CPU
		{0E6C87C5-1FFE-4A61-A7DA-6D5D4F8CE98F}.Release|Mixed Platforms.Build.0 = Release|Any CPU
		{0E6C87C5-1FFE-4A61-A7DA-6D5D4F8CE98F}.Release|x86.ActiveCfg = Release|Any CPU
		{665400E9-DC26-40F4-BD09-0E7151C3CA18}.Debug|Any CPU.ActiveCfg = Debug|Any CPU
		{665400E9-DC26-40F4-BD09-0E7151C3CA18}.Debug|Any CPU.Build.0 = Debug|Any CPU
		{665400E9-DC26-40F4-BD09-0E7151C3CA18}.Debug|Mixed Platforms.ActiveCfg = Debug|Any CPU
		{665400E9-DC26-40F4-BD09-0E7151C3CA18}.Debug|Mixed Platforms.Build.0 = Debug|Any CPU
		{665400E9-DC26-40F4-BD09-0E7151C3CA18}.Debug|x86.ActiveCfg = Debug|Any CPU
		{665400E9-DC26-40F4-BD09-0E7151C3CA18}.Debug|x86.Build.0 = Debug|Any CPU
		{665400E9-DC26-40F4-BD09-0E7151C3CA18}.Release|Any CPU.ActiveCfg = Release|Any CPU
		{665400E9-DC26-40F4-BD09-0E7151C3CA18}.Release|Any CPU.Build.0 = Release|Any CPU
		{665400E9-DC26-40F4-BD09-0E7151C3CA18}.Release|Mixed Platforms.ActiveCfg = Release|Any CPU
		{665400E9-DC26-40F4-BD09-0E7151C3CA18}.Release|Mixed Platforms.Build.0 = Release|Any CPU
		{665400E9-DC26-40F4-BD09-0E7151C3CA18}.Release|x86.ActiveCfg = Release|Any CPU
		{665400E9-DC26-40F4-BD09-0E7151C3CA18}.Release|x86.Build.0 = Release|Any CPU
		{FF135DEC-4DE1-41F8-84CD-139B02A500DB}.Debug|Any CPU.ActiveCfg = Debug|Any CPU
		{FF135DEC-4DE1-41F8-84CD-139B02A500DB}.Debug|Any CPU.Build.0 = Debug|Any CPU
		{FF135DEC-4DE1-41F8-84CD-139B02A500DB}.Debug|Mixed Platforms.ActiveCfg = Debug|Any CPU
		{FF135DEC-4DE1-41F8-84CD-139B02A500DB}.Debug|Mixed Platforms.Build.0 = Debug|Any CPU
		{FF135DEC-4DE1-41F8-84CD-139B02A500DB}.Debug|x86.ActiveCfg = Debug|Any CPU
		{FF135DEC-4DE1-41F8-84CD-139B02A500DB}.Debug|x86.Build.0 = Debug|Any CPU
		{FF135DEC-4DE1-41F8-84CD-139B02A500DB}.Release|Any CPU.ActiveCfg = Release|Any CPU
		{FF135DEC-4DE1-41F8-84CD-139B02A500DB}.Release|Any CPU.Build.0 = Release|Any CPU
		{FF135DEC-4DE1-41F8-84CD-139B02A500DB}.Release|Mixed Platforms.ActiveCfg = Release|Any CPU
		{FF135DEC-4DE1-41F8-84CD-139B02A500DB}.Release|Mixed Platforms.Build.0 = Release|Any CPU
		{FF135DEC-4DE1-41F8-84CD-139B02A500DB}.Release|x86.ActiveCfg = Release|Any CPU
		{FF135DEC-4DE1-41F8-84CD-139B02A500DB}.Release|x86.Build.0 = Release|Any CPU
		{3D39E4A3-0ED7-4175-A2BA-68A00919A998}.Debug|Any CPU.ActiveCfg = Debug|Any CPU
		{3D39E4A3-0ED7-4175-A2BA-68A00919A998}.Debug|Any CPU.Build.0 = Debug|Any CPU
		{3D39E4A3-0ED7-4175-A2BA-68A00919A998}.Debug|Mixed Platforms.ActiveCfg = Debug|Any CPU
		{3D39E4A3-0ED7-4175-A2BA-68A00919A998}.Debug|Mixed Platforms.Build.0 = Debug|Any CPU
		{3D39E4A3-0ED7-4175-A2BA-68A00919A998}.Debug|x86.ActiveCfg = Debug|Any CPU
		{3D39E4A3-0ED7-4175-A2BA-68A00919A998}.Debug|x86.Build.0 = Debug|Any CPU
		{3D39E4A3-0ED7-4175-A2BA-68A00919A998}.Release|Any CPU.ActiveCfg = Release|Any CPU
		{3D39E4A3-0ED7-4175-A2BA-68A00919A998}.Release|Any CPU.Build.0 = Release|Any CPU
		{3D39E4A3-0ED7-4175-A2BA-68A00919A998}.Release|Mixed Platforms.ActiveCfg = Release|Any CPU
		{3D39E4A3-0ED7-4175-A2BA-68A00919A998}.Release|Mixed Platforms.Build.0 = Release|Any CPU
		{3D39E4A3-0ED7-4175-A2BA-68A00919A998}.Release|x86.ActiveCfg = Release|Any CPU
		{3D39E4A3-0ED7-4175-A2BA-68A00919A998}.Release|x86.Build.0 = Release|Any CPU
		{25147225-1AEF-41DB-B5F3-A3EF07B7A862}.Debug|Any CPU.ActiveCfg = Debug|Any CPU
		{25147225-1AEF-41DB-B5F3-A3EF07B7A862}.Debug|Any CPU.Build.0 = Debug|Any CPU
		{25147225-1AEF-41DB-B5F3-A3EF07B7A862}.Debug|Mixed Platforms.ActiveCfg = Debug|Any CPU
		{25147225-1AEF-41DB-B5F3-A3EF07B7A862}.Debug|Mixed Platforms.Build.0 = Debug|Any CPU
		{25147225-1AEF-41DB-B5F3-A3EF07B7A862}.Debug|x86.ActiveCfg = Debug|Any CPU
		{25147225-1AEF-41DB-B5F3-A3EF07B7A862}.Debug|x86.Build.0 = Debug|Any CPU
		{25147225-1AEF-41DB-B5F3-A3EF07B7A862}.Release|Any CPU.ActiveCfg = Release|Any CPU
		{25147225-1AEF-41DB-B5F3-A3EF07B7A862}.Release|Any CPU.Build.0 = Release|Any CPU
		{25147225-1AEF-41DB-B5F3-A3EF07B7A862}.Release|Mixed Platforms.ActiveCfg = Release|Any CPU
		{25147225-1AEF-41DB-B5F3-A3EF07B7A862}.Release|Mixed Platforms.Build.0 = Release|Any CPU
		{25147225-1AEF-41DB-B5F3-A3EF07B7A862}.Release|x86.ActiveCfg = Release|Any CPU
		{25147225-1AEF-41DB-B5F3-A3EF07B7A862}.Release|x86.Build.0 = Release|Any CPU
		{E22371CB-BCAE-41E5-82B3-2B696C7E05D1}.Debug|Any CPU.ActiveCfg = Debug|Any CPU
		{E22371CB-BCAE-41E5-82B3-2B696C7E05D1}.Debug|Any CPU.Build.0 = Debug|Any CPU
		{E22371CB-BCAE-41E5-82B3-2B696C7E05D1}.Debug|Mixed Platforms.ActiveCfg = Debug|Any CPU
		{E22371CB-BCAE-41E5-82B3-2B696C7E05D1}.Debug|Mixed Platforms.Build.0 = Debug|Any CPU
		{E22371CB-BCAE-41E5-82B3-2B696C7E05D1}.Debug|x86.ActiveCfg = Debug|Any CPU
		{E22371CB-BCAE-41E5-82B3-2B696C7E05D1}.Debug|x86.Build.0 = Debug|Any CPU
		{E22371CB-BCAE-41E5-82B3-2B696C7E05D1}.Release|Any CPU.ActiveCfg = Release|Any CPU
		{E22371CB-BCAE-41E5-82B3-2B696C7E05D1}.Release|Any CPU.Build.0 = Release|Any CPU
		{E22371CB-BCAE-41E5-82B3-2B696C7E05D1}.Release|Mixed Platforms.ActiveCfg = Release|Any CPU
		{E22371CB-BCAE-41E5-82B3-2B696C7E05D1}.Release|Mixed Platforms.Build.0 = Release|Any CPU
		{E22371CB-BCAE-41E5-82B3-2B696C7E05D1}.Release|x86.ActiveCfg = Release|Any CPU
		{E22371CB-BCAE-41E5-82B3-2B696C7E05D1}.Release|x86.Build.0 = Release|Any CPU
		{3466C961-ACDB-4F03-BB1D-10FAD9FB88F1}.Debug|Any CPU.ActiveCfg = Debug|Any CPU
		{3466C961-ACDB-4F03-BB1D-10FAD9FB88F1}.Debug|Any CPU.Build.0 = Debug|Any CPU
		{3466C961-ACDB-4F03-BB1D-10FAD9FB88F1}.Debug|Mixed Platforms.ActiveCfg = Debug|Any CPU
		{3466C961-ACDB-4F03-BB1D-10FAD9FB88F1}.Debug|Mixed Platforms.Build.0 = Debug|Any CPU
		{3466C961-ACDB-4F03-BB1D-10FAD9FB88F1}.Debug|x86.ActiveCfg = Debug|Any CPU
		{3466C961-ACDB-4F03-BB1D-10FAD9FB88F1}.Debug|x86.Build.0 = Debug|Any CPU
		{3466C961-ACDB-4F03-BB1D-10FAD9FB88F1}.Release|Any CPU.ActiveCfg = Release|Any CPU
		{3466C961-ACDB-4F03-BB1D-10FAD9FB88F1}.Release|Any CPU.Build.0 = Release|Any CPU
		{3466C961-ACDB-4F03-BB1D-10FAD9FB88F1}.Release|Mixed Platforms.ActiveCfg = Release|Any CPU
		{3466C961-ACDB-4F03-BB1D-10FAD9FB88F1}.Release|Mixed Platforms.Build.0 = Release|Any CPU
		{3466C961-ACDB-4F03-BB1D-10FAD9FB88F1}.Release|x86.ActiveCfg = Release|Any CPU
		{3466C961-ACDB-4F03-BB1D-10FAD9FB88F1}.Release|x86.Build.0 = Release|Any CPU
		{BBC9010B-CB89-4F7E-B418-5B653E5EB005}.Debug|Any CPU.ActiveCfg = Debug|Any CPU
		{BBC9010B-CB89-4F7E-B418-5B653E5EB005}.Debug|Any CPU.Build.0 = Debug|Any CPU
		{BBC9010B-CB89-4F7E-B418-5B653E5EB005}.Debug|Mixed Platforms.ActiveCfg = Debug|Any CPU
		{BBC9010B-CB89-4F7E-B418-5B653E5EB005}.Debug|Mixed Platforms.Build.0 = Debug|Any CPU
		{BBC9010B-CB89-4F7E-B418-5B653E5EB005}.Debug|x86.ActiveCfg = Debug|Any CPU
		{BBC9010B-CB89-4F7E-B418-5B653E5EB005}.Debug|x86.Build.0 = Debug|Any CPU
		{BBC9010B-CB89-4F7E-B418-5B653E5EB005}.Release|Any CPU.ActiveCfg = Release|Any CPU
		{BBC9010B-CB89-4F7E-B418-5B653E5EB005}.Release|Any CPU.Build.0 = Release|Any CPU
		{BBC9010B-CB89-4F7E-B418-5B653E5EB005}.Release|Mixed Platforms.ActiveCfg = Release|Any CPU
		{BBC9010B-CB89-4F7E-B418-5B653E5EB005}.Release|Mixed Platforms.Build.0 = Release|Any CPU
		{BBC9010B-CB89-4F7E-B418-5B653E5EB005}.Release|x86.ActiveCfg = Release|Any CPU
		{BBC9010B-CB89-4F7E-B418-5B653E5EB005}.Release|x86.Build.0 = Release|Any CPU
		{E081906C-FD02-428E-AF2B-DD73E1C44467}.Debug|Any CPU.ActiveCfg = Debug|Any CPU
		{E081906C-FD02-428E-AF2B-DD73E1C44467}.Debug|Any CPU.Build.0 = Debug|Any CPU
		{E081906C-FD02-428E-AF2B-DD73E1C44467}.Debug|Mixed Platforms.ActiveCfg = Debug|Any CPU
		{E081906C-FD02-428E-AF2B-DD73E1C44467}.Debug|Mixed Platforms.Build.0 = Debug|Any CPU
		{E081906C-FD02-428E-AF2B-DD73E1C44467}.Debug|x86.ActiveCfg = Debug|Any CPU
		{E081906C-FD02-428E-AF2B-DD73E1C44467}.Debug|x86.Build.0 = Debug|Any CPU
		{E081906C-FD02-428E-AF2B-DD73E1C44467}.Release|Any CPU.ActiveCfg = Release|Any CPU
		{E081906C-FD02-428E-AF2B-DD73E1C44467}.Release|Any CPU.Build.0 = Release|Any CPU
		{E081906C-FD02-428E-AF2B-DD73E1C44467}.Release|Mixed Platforms.ActiveCfg = Release|Any CPU
		{E081906C-FD02-428E-AF2B-DD73E1C44467}.Release|Mixed Platforms.Build.0 = Release|Any CPU
		{E081906C-FD02-428E-AF2B-DD73E1C44467}.Release|x86.ActiveCfg = Release|Any CPU
		{E081906C-FD02-428E-AF2B-DD73E1C44467}.Release|x86.Build.0 = Release|Any CPU
		{ED81BEF2-92F1-474D-80E9-635644D7D0A3}.Debug|Any CPU.ActiveCfg = Debug|Any CPU
		{ED81BEF2-92F1-474D-80E9-635644D7D0A3}.Debug|Any CPU.Build.0 = Debug|Any CPU
		{ED81BEF2-92F1-474D-80E9-635644D7D0A3}.Debug|Mixed Platforms.ActiveCfg = Debug|Any CPU
		{ED81BEF2-92F1-474D-80E9-635644D7D0A3}.Debug|Mixed Platforms.Build.0 = Debug|Any CPU
		{ED81BEF2-92F1-474D-80E9-635644D7D0A3}.Debug|x86.ActiveCfg = Debug|Any CPU
		{ED81BEF2-92F1-474D-80E9-635644D7D0A3}.Debug|x86.Build.0 = Debug|Any CPU
		{ED81BEF2-92F1-474D-80E9-635644D7D0A3}.Release|Any CPU.ActiveCfg = Release|Any CPU
		{ED81BEF2-92F1-474D-80E9-635644D7D0A3}.Release|Any CPU.Build.0 = Release|Any CPU
		{ED81BEF2-92F1-474D-80E9-635644D7D0A3}.Release|Mixed Platforms.ActiveCfg = Release|Any CPU
		{ED81BEF2-92F1-474D-80E9-635644D7D0A3}.Release|Mixed Platforms.Build.0 = Release|Any CPU
		{ED81BEF2-92F1-474D-80E9-635644D7D0A3}.Release|x86.ActiveCfg = Release|Any CPU
		{ED81BEF2-92F1-474D-80E9-635644D7D0A3}.Release|x86.Build.0 = Release|Any CPU
		{ADF447E1-D907-4237-AF2A-225E7588E1A1}.Debug|Any CPU.ActiveCfg = Debug|Any CPU
		{ADF447E1-D907-4237-AF2A-225E7588E1A1}.Debug|Any CPU.Build.0 = Debug|Any CPU
		{ADF447E1-D907-4237-AF2A-225E7588E1A1}.Debug|Mixed Platforms.ActiveCfg = Debug|Any CPU
		{ADF447E1-D907-4237-AF2A-225E7588E1A1}.Debug|Mixed Platforms.Build.0 = Debug|Any CPU
		{ADF447E1-D907-4237-AF2A-225E7588E1A1}.Debug|x86.ActiveCfg = Debug|Any CPU
		{ADF447E1-D907-4237-AF2A-225E7588E1A1}.Debug|x86.Build.0 = Debug|Any CPU
		{ADF447E1-D907-4237-AF2A-225E7588E1A1}.Release|Any CPU.ActiveCfg = Release|Any CPU
		{ADF447E1-D907-4237-AF2A-225E7588E1A1}.Release|Any CPU.Build.0 = Release|Any CPU
		{ADF447E1-D907-4237-AF2A-225E7588E1A1}.Release|Mixed Platforms.ActiveCfg = Release|Any CPU
		{ADF447E1-D907-4237-AF2A-225E7588E1A1}.Release|Mixed Platforms.Build.0 = Release|Any CPU
		{ADF447E1-D907-4237-AF2A-225E7588E1A1}.Release|x86.ActiveCfg = Release|Any CPU
		{ADF447E1-D907-4237-AF2A-225E7588E1A1}.Release|x86.Build.0 = Release|Any CPU
		{55E4F995-1273-44E1-AEA1-52FED6442660}.Debug|Any CPU.ActiveCfg = Debug|Any CPU
		{55E4F995-1273-44E1-AEA1-52FED6442660}.Debug|Any CPU.Build.0 = Debug|Any CPU
		{55E4F995-1273-44E1-AEA1-52FED6442660}.Debug|Mixed Platforms.ActiveCfg = Debug|Any CPU
		{55E4F995-1273-44E1-AEA1-52FED6442660}.Debug|Mixed Platforms.Build.0 = Debug|Any CPU
		{55E4F995-1273-44E1-AEA1-52FED6442660}.Debug|x86.ActiveCfg = Debug|Any CPU
		{55E4F995-1273-44E1-AEA1-52FED6442660}.Debug|x86.Build.0 = Debug|Any CPU
		{55E4F995-1273-44E1-AEA1-52FED6442660}.Release|Any CPU.ActiveCfg = Release|Any CPU
		{55E4F995-1273-44E1-AEA1-52FED6442660}.Release|Any CPU.Build.0 = Release|Any CPU
		{55E4F995-1273-44E1-AEA1-52FED6442660}.Release|Mixed Platforms.ActiveCfg = Release|Any CPU
		{55E4F995-1273-44E1-AEA1-52FED6442660}.Release|Mixed Platforms.Build.0 = Release|Any CPU
		{55E4F995-1273-44E1-AEA1-52FED6442660}.Release|x86.ActiveCfg = Release|Any CPU
		{55E4F995-1273-44E1-AEA1-52FED6442660}.Release|x86.Build.0 = Release|Any CPU
		{DC293647-8798-4539-BEA1-77185E5C66C1}.Debug|Any CPU.ActiveCfg = Debug|Any CPU
		{DC293647-8798-4539-BEA1-77185E5C66C1}.Debug|Any CPU.Build.0 = Debug|Any CPU
		{DC293647-8798-4539-BEA1-77185E5C66C1}.Debug|Mixed Platforms.ActiveCfg = Debug|Any CPU
		{DC293647-8798-4539-BEA1-77185E5C66C1}.Debug|Mixed Platforms.Build.0 = Debug|Any CPU
		{DC293647-8798-4539-BEA1-77185E5C66C1}.Debug|x86.ActiveCfg = Debug|Any CPU
		{DC293647-8798-4539-BEA1-77185E5C66C1}.Debug|x86.Build.0 = Debug|Any CPU
		{DC293647-8798-4539-BEA1-77185E5C66C1}.Release|Any CPU.ActiveCfg = Release|Any CPU
		{DC293647-8798-4539-BEA1-77185E5C66C1}.Release|Any CPU.Build.0 = Release|Any CPU
		{DC293647-8798-4539-BEA1-77185E5C66C1}.Release|Mixed Platforms.ActiveCfg = Release|Any CPU
		{DC293647-8798-4539-BEA1-77185E5C66C1}.Release|Mixed Platforms.Build.0 = Release|Any CPU
		{DC293647-8798-4539-BEA1-77185E5C66C1}.Release|x86.ActiveCfg = Release|Any CPU
		{DC293647-8798-4539-BEA1-77185E5C66C1}.Release|x86.Build.0 = Release|Any CPU
		{34E73DFF-0B1D-4820-9DF9-F9EFE29E23AC}.Debug|Any CPU.ActiveCfg = Debug|Any CPU
		{34E73DFF-0B1D-4820-9DF9-F9EFE29E23AC}.Debug|Any CPU.Build.0 = Debug|Any CPU
		{34E73DFF-0B1D-4820-9DF9-F9EFE29E23AC}.Debug|Mixed Platforms.ActiveCfg = Debug|Any CPU
		{34E73DFF-0B1D-4820-9DF9-F9EFE29E23AC}.Debug|Mixed Platforms.Build.0 = Debug|Any CPU
		{34E73DFF-0B1D-4820-9DF9-F9EFE29E23AC}.Debug|x86.ActiveCfg = Debug|Any CPU
		{34E73DFF-0B1D-4820-9DF9-F9EFE29E23AC}.Debug|x86.Build.0 = Debug|Any CPU
		{34E73DFF-0B1D-4820-9DF9-F9EFE29E23AC}.Release|Any CPU.ActiveCfg = Release|Any CPU
		{34E73DFF-0B1D-4820-9DF9-F9EFE29E23AC}.Release|Any CPU.Build.0 = Release|Any CPU
		{34E73DFF-0B1D-4820-9DF9-F9EFE29E23AC}.Release|Mixed Platforms.ActiveCfg = Release|Any CPU
		{34E73DFF-0B1D-4820-9DF9-F9EFE29E23AC}.Release|Mixed Platforms.Build.0 = Release|Any CPU
		{34E73DFF-0B1D-4820-9DF9-F9EFE29E23AC}.Release|x86.ActiveCfg = Release|Any CPU
		{34E73DFF-0B1D-4820-9DF9-F9EFE29E23AC}.Release|x86.Build.0 = Release|Any CPU
		{7A3921A8-A2E3-4FFB-84C8-9BB605772EBD}.Debug|Any CPU.ActiveCfg = Debug|Any CPU
		{7A3921A8-A2E3-4FFB-84C8-9BB605772EBD}.Debug|Any CPU.Build.0 = Debug|Any CPU
		{7A3921A8-A2E3-4FFB-84C8-9BB605772EBD}.Debug|Mixed Platforms.ActiveCfg = Debug|Any CPU
		{7A3921A8-A2E3-4FFB-84C8-9BB605772EBD}.Debug|Mixed Platforms.Build.0 = Debug|Any CPU
		{7A3921A8-A2E3-4FFB-84C8-9BB605772EBD}.Debug|x86.ActiveCfg = Debug|Any CPU
		{7A3921A8-A2E3-4FFB-84C8-9BB605772EBD}.Debug|x86.Build.0 = Debug|Any CPU
		{7A3921A8-A2E3-4FFB-84C8-9BB605772EBD}.Release|Any CPU.ActiveCfg = Release|Any CPU
		{7A3921A8-A2E3-4FFB-84C8-9BB605772EBD}.Release|Any CPU.Build.0 = Release|Any CPU
		{7A3921A8-A2E3-4FFB-84C8-9BB605772EBD}.Release|Mixed Platforms.ActiveCfg = Release|Any CPU
		{7A3921A8-A2E3-4FFB-84C8-9BB605772EBD}.Release|Mixed Platforms.Build.0 = Release|Any CPU
		{7A3921A8-A2E3-4FFB-84C8-9BB605772EBD}.Release|x86.ActiveCfg = Release|Any CPU
		{7A3921A8-A2E3-4FFB-84C8-9BB605772EBD}.Release|x86.Build.0 = Release|Any CPU
		{A91BD567-B912-4F7A-A9B7-84D914923D53}.Debug|Any CPU.ActiveCfg = Debug|Any CPU
		{A91BD567-B912-4F7A-A9B7-84D914923D53}.Debug|Any CPU.Build.0 = Debug|Any CPU
		{A91BD567-B912-4F7A-A9B7-84D914923D53}.Debug|Mixed Platforms.ActiveCfg = Debug|Any CPU
		{A91BD567-B912-4F7A-A9B7-84D914923D53}.Debug|Mixed Platforms.Build.0 = Debug|Any CPU
		{A91BD567-B912-4F7A-A9B7-84D914923D53}.Debug|x86.ActiveCfg = Debug|Any CPU
		{A91BD567-B912-4F7A-A9B7-84D914923D53}.Debug|x86.Build.0 = Debug|Any CPU
		{A91BD567-B912-4F7A-A9B7-84D914923D53}.Release|Any CPU.ActiveCfg = Release|Any CPU
		{A91BD567-B912-4F7A-A9B7-84D914923D53}.Release|Any CPU.Build.0 = Release|Any CPU
		{A91BD567-B912-4F7A-A9B7-84D914923D53}.Release|Mixed Platforms.ActiveCfg = Release|Any CPU
		{A91BD567-B912-4F7A-A9B7-84D914923D53}.Release|Mixed Platforms.Build.0 = Release|Any CPU
		{A91BD567-B912-4F7A-A9B7-84D914923D53}.Release|x86.ActiveCfg = Release|Any CPU
		{A91BD567-B912-4F7A-A9B7-84D914923D53}.Release|x86.Build.0 = Release|Any CPU
		{0386C5F4-D40E-4FB3-BCFF-CAE90693E049}.Debug|Any CPU.ActiveCfg = Debug|Any CPU
		{0386C5F4-D40E-4FB3-BCFF-CAE90693E049}.Debug|Any CPU.Build.0 = Debug|Any CPU
		{0386C5F4-D40E-4FB3-BCFF-CAE90693E049}.Debug|Mixed Platforms.ActiveCfg = Debug|Any CPU
		{0386C5F4-D40E-4FB3-BCFF-CAE90693E049}.Debug|Mixed Platforms.Build.0 = Debug|Any CPU
		{0386C5F4-D40E-4FB3-BCFF-CAE90693E049}.Debug|x86.ActiveCfg = Debug|Any CPU
		{0386C5F4-D40E-4FB3-BCFF-CAE90693E049}.Debug|x86.Build.0 = Debug|Any CPU
		{0386C5F4-D40E-4FB3-BCFF-CAE90693E049}.Release|Any CPU.ActiveCfg = Release|Any CPU
		{0386C5F4-D40E-4FB3-BCFF-CAE90693E049}.Release|Any CPU.Build.0 = Release|Any CPU
		{0386C5F4-D40E-4FB3-BCFF-CAE90693E049}.Release|Mixed Platforms.ActiveCfg = Release|Any CPU
		{0386C5F4-D40E-4FB3-BCFF-CAE90693E049}.Release|Mixed Platforms.Build.0 = Release|Any CPU
		{0386C5F4-D40E-4FB3-BCFF-CAE90693E049}.Release|x86.ActiveCfg = Release|Any CPU
		{0386C5F4-D40E-4FB3-BCFF-CAE90693E049}.Release|x86.Build.0 = Release|Any CPU
		{08B0D4DE-D38A-466D-8AFC-E436BB30E4A6}.Debug|Any CPU.ActiveCfg = Debug|Any CPU
		{08B0D4DE-D38A-466D-8AFC-E436BB30E4A6}.Debug|Any CPU.Build.0 = Debug|Any CPU
		{08B0D4DE-D38A-466D-8AFC-E436BB30E4A6}.Debug|Mixed Platforms.ActiveCfg = Debug|Any CPU
		{08B0D4DE-D38A-466D-8AFC-E436BB30E4A6}.Debug|Mixed Platforms.Build.0 = Debug|Any CPU
		{08B0D4DE-D38A-466D-8AFC-E436BB30E4A6}.Debug|x86.ActiveCfg = Debug|Any CPU
		{08B0D4DE-D38A-466D-8AFC-E436BB30E4A6}.Debug|x86.Build.0 = Debug|Any CPU
		{08B0D4DE-D38A-466D-8AFC-E436BB30E4A6}.Release|Any CPU.ActiveCfg = Release|Any CPU
		{08B0D4DE-D38A-466D-8AFC-E436BB30E4A6}.Release|Any CPU.Build.0 = Release|Any CPU
		{08B0D4DE-D38A-466D-8AFC-E436BB30E4A6}.Release|Mixed Platforms.ActiveCfg = Release|Any CPU
		{08B0D4DE-D38A-466D-8AFC-E436BB30E4A6}.Release|Mixed Platforms.Build.0 = Release|Any CPU
		{08B0D4DE-D38A-466D-8AFC-E436BB30E4A6}.Release|x86.ActiveCfg = Release|Any CPU
		{08B0D4DE-D38A-466D-8AFC-E436BB30E4A6}.Release|x86.Build.0 = Release|Any CPU
		{091BCA06-33FB-4785-8169-81CC64DEAB80}.Debug|Any CPU.ActiveCfg = Debug|Any CPU
		{091BCA06-33FB-4785-8169-81CC64DEAB80}.Debug|Any CPU.Build.0 = Debug|Any CPU
		{091BCA06-33FB-4785-8169-81CC64DEAB80}.Debug|Mixed Platforms.ActiveCfg = Debug|Any CPU
		{091BCA06-33FB-4785-8169-81CC64DEAB80}.Debug|Mixed Platforms.Build.0 = Debug|Any CPU
		{091BCA06-33FB-4785-8169-81CC64DEAB80}.Debug|x86.ActiveCfg = Debug|Any CPU
		{091BCA06-33FB-4785-8169-81CC64DEAB80}.Debug|x86.Build.0 = Debug|Any CPU
		{091BCA06-33FB-4785-8169-81CC64DEAB80}.Release|Any CPU.ActiveCfg = Release|Any CPU
		{091BCA06-33FB-4785-8169-81CC64DEAB80}.Release|Any CPU.Build.0 = Release|Any CPU
		{091BCA06-33FB-4785-8169-81CC64DEAB80}.Release|Mixed Platforms.ActiveCfg = Release|Any CPU
		{091BCA06-33FB-4785-8169-81CC64DEAB80}.Release|Mixed Platforms.Build.0 = Release|Any CPU
		{091BCA06-33FB-4785-8169-81CC64DEAB80}.Release|x86.ActiveCfg = Release|Any CPU
		{091BCA06-33FB-4785-8169-81CC64DEAB80}.Release|x86.Build.0 = Release|Any CPU
	EndGlobalSection
	GlobalSection(SolutionProperties) = preSolution
		HideSolutionNode = FALSE
	EndGlobalSection
	GlobalSection(NestedProjects) = preSolution
		{B9DE9CFF-D84E-4BF9-A615-CF7F4519F139} = {362DE052-0617-4DB4-AECD-1AA8DD42A90D}
		{6ECA3D2E-3F31-4EB2-AB38-CD4E1D4ABEE9} = {362DE052-0617-4DB4-AECD-1AA8DD42A90D}
		{181FE707-E161-4722-9F38-6AAAB6FAA106} = {362DE052-0617-4DB4-AECD-1AA8DD42A90D}
		{58BC70F0-3FF6-4095-87AC-08A4B7C00F58} = {0AAC568F-AC91-4527-AFA8-881D0800EF59}
		{6CBA8F35-E6F4-4A6D-876F-38EA9DE4649A} = {0AAC568F-AC91-4527-AFA8-881D0800EF59}
		{0E6C87C5-1FFE-4A61-A7DA-6D5D4F8CE98F} = {362DE052-0617-4DB4-AECD-1AA8DD42A90D}
		{665400E9-DC26-40F4-BD09-0E7151C3CA18} = {362DE052-0617-4DB4-AECD-1AA8DD42A90D}
		{FF135DEC-4DE1-41F8-84CD-139B02A500DB} = {21988C76-462B-47A7-80C6-4FFCA16BEA0E}
		{3D39E4A3-0ED7-4175-A2BA-68A00919A998} = {21988C76-462B-47A7-80C6-4FFCA16BEA0E}
		{25147225-1AEF-41DB-B5F3-A3EF07B7A862} = {21988C76-462B-47A7-80C6-4FFCA16BEA0E}
		{E22371CB-BCAE-41E5-82B3-2B696C7E05D1} = {21988C76-462B-47A7-80C6-4FFCA16BEA0E}
		{3466C961-ACDB-4F03-BB1D-10FAD9FB88F1} = {21988C76-462B-47A7-80C6-4FFCA16BEA0E}
		{BBC9010B-CB89-4F7E-B418-5B653E5EB005} = {21988C76-462B-47A7-80C6-4FFCA16BEA0E}
		{E081906C-FD02-428E-AF2B-DD73E1C44467} = {21988C76-462B-47A7-80C6-4FFCA16BEA0E}
		{ED81BEF2-92F1-474D-80E9-635644D7D0A3} = {21988C76-462B-47A7-80C6-4FFCA16BEA0E}
		{ADF447E1-D907-4237-AF2A-225E7588E1A1} = {362DE052-0617-4DB4-AECD-1AA8DD42A90D}
		{55E4F995-1273-44E1-AEA1-52FED6442660} = {21988C76-462B-47A7-80C6-4FFCA16BEA0E}
		{DC293647-8798-4539-BEA1-77185E5C66C1} = {362DE052-0617-4DB4-AECD-1AA8DD42A90D}
		{34E73DFF-0B1D-4820-9DF9-F9EFE29E23AC} = {362DE052-0617-4DB4-AECD-1AA8DD42A90D}
		{7A3921A8-A2E3-4FFB-84C8-9BB605772EBD} = {21988C76-462B-47A7-80C6-4FFCA16BEA0E}
		{A91BD567-B912-4F7A-A9B7-84D914923D53} = {362DE052-0617-4DB4-AECD-1AA8DD42A90D}
		{0386C5F4-D40E-4FB3-BCFF-CAE90693E049} = {21988C76-462B-47A7-80C6-4FFCA16BEA0E}
		{08B0D4DE-D38A-466D-8AFC-E436BB30E4A6} = {21988C76-462B-47A7-80C6-4FFCA16BEA0E}
		{091BCA06-33FB-4785-8169-81CC64DEAB80} = {21988C76-462B-47A7-80C6-4FFCA16BEA0E}
	EndGlobalSection
EndGlobal
